
Microsoft Visual Studio Solution File, Format Version 12.00
# Visual Studio Version 16
VisualStudioVersion = 16.0.29326.143
MinimumVisualStudioVersion = 10.0.40219.1
Project("{FAE04EC0-301F-11D3-BF4B-00C04F79EFBC}") = "Open-Lab-02.7", "Open-Lab-02.7\Open-Lab-02.7.csproj", "{3CF39885-E9B1-450C-9651-EEB5DCD6A2FD}"
EndProject
Global
	GlobalSection(SolutionConfigurationPlatforms) = preSolution
		Debug|Any CPU = Debug|Any CPU
		Release|Any CPU = Release|Any CPU
	EndGlobalSection
	GlobalSection(ProjectConfigurationPlatforms) = postSolution
		{3CF39885-E9B1-450C-9651-EEB5DCD6A2FD}.Debug|Any CPU.ActiveCfg = Debug|Any CPU
		{3CF39885-E9B1-450C-9651-EEB5DCD6A2FD}.Debug|Any CPU.Build.0 = Debug|Any CPU
		{3CF39885-E9B1-450C-9651-EEB5DCD6A2FD}.Release|Any CPU.ActiveCfg = Release|Any CPU
		{3CF39885-E9B1-450C-9651-EEB5DCD6A2FD}.Release|Any CPU.Build.0 = Release|Any CPU
	EndGlobalSection
	GlobalSection(SolutionProperties) = preSolution
		HideSolutionNode = FALSE
	EndGlobalSection
	GlobalSection(ExtensibilityGlobals) = postSolution
		SolutionGuid = {302B141F-4005-4428-8FBD-9CB15D491D65}
	EndGlobalSection
EndGlobal
